
Microsoft Visual Studio Solution File, Format Version 11.00
# Visual Studio 2010
Project("{FAE04EC0-301F-11D3-BF4B-00C04F79EFBC}") = "Squerik", "Assembly-CSharp.csproj", "{D11F5B14-5767-A819-74E1-3110039D21A1}"
EndProject
Global
	GlobalSection(SolutionConfigurationPlatforms) = preSolution
		Debug|Any CPU = Debug|Any CPU
		Release|Any CPU = Release|Any CPU
	EndGlobalSection
	GlobalSection(ProjectConfigurationPlatforms) = postSolution
		{D11F5B14-5767-A819-74E1-3110039D21A1}.Debug|Any CPU.ActiveCfg = Debug|Any CPU
		{D11F5B14-5767-A819-74E1-3110039D21A1}.Debug|Any CPU.Build.0 = Debug|Any CPU
		{D11F5B14-5767-A819-74E1-3110039D21A1}.Release|Any CPU.ActiveCfg = Release|Any CPU
		{D11F5B14-5767-A819-74E1-3110039D21A1}.Release|Any CPU.Build.0 = Release|Any CPU
	EndGlobalSection
	GlobalSection(SolutionProperties) = preSolution
		HideSolutionNode = FALSE
	EndGlobalSection
	GlobalSection(MonoDevelopProperties) = preSolution
		StartupItem = Assembly-CSharp.csproj
	EndGlobalSection
EndGlobal
